// !$*UTF8*$!
{
	archiveVersion = 1;
	classes = {
	};
	objectVersion = 50;
	objects = {

/* Begin PBXBuildFile section */
		A0EAFD87258335FD0047F695 /* AppDelegate.swift in Sources */ = {isa = PBXBuildFile; fileRef = A0EAFD86258335FD0047F695 /* AppDelegate.swift */; };
		A0EAFD89258335FD0047F695 /* SceneDelegate.swift in Sources */ = {isa = PBXBuildFile; fileRef = A0EAFD88258335FD0047F695 /* SceneDelegate.swift */; };
		A0EAFD8B258335FD0047F695 /* ViewController.swift in Sources */ = {isa = PBXBuildFile; fileRef = A0EAFD8A258335FD0047F695 /* ViewController.swift */; };
		A0EAFD8E258335FD0047F695 /* Main.storyboard in Resources */ = {isa = PBXBuildFile; fileRef = A0EAFD8C258335FD0047F695 /* Main.storyboard */; };
		A0EAFD90258335FE0047F695 /* Assets.xcassets in Resources */ = {isa = PBXBuildFile; fileRef = A0EAFD8F258335FE0047F695 /* Assets.xcassets */; };
		A0EAFD93258335FE0047F695 /* LaunchScreen.storyboard in Resources */ = {isa = PBXBuildFile; fileRef = A0EAFD91258335FE0047F695 /* LaunchScreen.storyboard */; };
		A0EAFD9E258335FE0047F695 /* HelloAppTests.swift in Sources */ = {isa = PBXBuildFile; fileRef = A0EAFD9D258335FE0047F695 /* HelloAppTests.swift */; };
		A0EAFDA9258335FE0047F695 /* HelloAppUITests.swift in Sources */ = {isa = PBXBuildFile; fileRef = A0EAFDA8258335FE0047F695 /* HelloAppUITests.swift */; };
/* End PBXBuildFile section */

/* Begin PBXContainerItemProxy section */
		A0EAFD9A258335FE0047F695 /* PBXContainerItemProxy */ = {
			isa = PBXContainerItemProxy;
			containerPortal = A0EAFD7B258335FD0047F695 /* Project object */;
			proxyType = 1;
			remoteGlobalIDString = A0EAFD82258335FD0047F695;
			remoteInfo = HelloApp;
		};
		A0EAFDA5258335FE0047F695 /* PBXContainerItemProxy */ = {
			isa = PBXContainerItemProxy;
			containerPortal = A0EAFD7B258335FD0047F695 /* Project object */;
			proxyType = 1;
			remoteGlobalIDString = A0EAFD82258335FD0047F695;
			remoteInfo = HelloApp;
		};
/* End PBXContainerItemProxy section */

/* Begin PBXFileReference section */
		A0EAFD83258335FD0047F695 /* HelloApp.app */ = {isa = PBXFileReference; explicitFileType = wrapper.application; includeInIndex = 0; path = HelloApp.app; sourceTree = BUILT_PRODUCTS_DIR; };
		A0EAFD86258335FD0047F695 /* AppDelegate.swift */ = {isa = PBXFileReference; lastKnownFileType = sourcecode.swift; path = AppDelegate.swift; sourceTree = "<group>"; };
		A0EAFD88258335FD0047F695 /* SceneDelegate.swift */ = {isa = PBXFileReference; lastKnownFileType = sourcecode.swift; path = SceneDelegate.swift; sourceTree = "<group>"; };
		A0EAFD8A258335FD0047F695 /* ViewController.swift */ = {isa = PBXFileReference; lastKnownFileType = sourcecode.swift; path = ViewController.swift; sourceTree = "<group>"; };
		A0EAFD8D258335FD0047F695 /* Base */ = {isa = PBXFileReference; lastKnownFileType = file.storyboard; name = Base; path = Base.lproj/Main.storyboard; sourceTree = "<group>"; };
		A0EAFD8F258335FE0047F695 /* Assets.xcassets */ = {isa = PBXFileReference; lastKnownFileType = folder.assetcatalog; path = Assets.xcassets; sourceTree = "<group>"; };
		A0EAFD92258335FE0047F695 /* Base */ = {isa = PBXFileReference; lastKnownFileType = file.storyboard; name = Base; path = Base.lproj/LaunchScreen.storyboard; sourceTree = "<group>"; };
		A0EAFD94258335FE0047F695 /* Info.plist */ = {isa = PBXFileReference; lastKnownFileType = text.plist.xml; path = Info.plist; sourceTree = "<group>"; };
		A0EAFD99258335FE0047F695 /* HelloAppTests.xctest */ = {isa = PBXFileReference; explicitFileType = wrapper.cfbundle; includeInIndex = 0; path = HelloAppTests.xctest; sourceTree = BUILT_PRODUCTS_DIR; };
		A0EAFD9D258335FE0047F695 /* HelloAppTests.swift */ = {isa = PBXFileReference; lastKnownFileType = sourcecode.swift; path = HelloAppTests.swift; sourceTree = "<group>"; };
		A0EAFD9F258335FE0047F695 /* Info.plist */ = {isa = PBXFileReference; lastKnownFileType = text.plist.xml; path = Info.plist; sourceTree = "<group>"; };
		A0EAFDA4258335FE0047F695 /* HelloAppUITests.xctest */ = {isa = PBXFileReference; explicitFileType = wrapper.cfbundle; includeInIndex = 0; path = HelloAppUITests.xctest; sourceTree = BUILT_PRODUCTS_DIR; };
		A0EAFDA8258335FE0047F695 /* HelloAppUITests.swift */ = {isa = PBXFileReference; lastKnownFileType = sourcecode.swift; path = HelloAppUITests.swift; sourceTree = "<group>"; };
		A0EAFDAA258335FE0047F695 /* Info.plist */ = {isa = PBXFileReference; lastKnownFileType = text.plist.xml; path = Info.plist; sourceTree = "<group>"; };
/* End PBXFileReference section */

/* Begin PBXFrameworksBuildPhase section */
		A0EAFD80258335FD0047F695 /* Frameworks */ = {
			isa = PBXFrameworksBuildPhase;
			buildActionMask = 2147483647;
			files = (
			);
			runOnlyForDeploymentPostprocessing = 0;
		};
		A0EAFD96258335FE0047F695 /* Frameworks */ = {
			isa = PBXFrameworksBuildPhase;
			buildActionMask = 2147483647;
			files = (
			);
			runOnlyForDeploymentPostprocessing = 0;
		};
		A0EAFDA1258335FE0047F695 /* Frameworks */ = {
			isa = PBXFrameworksBuildPhase;
			buildActionMask = 2147483647;
			files = (
			);
			runOnlyForDeploymentPostprocessing = 0;
		};
/* End PBXFrameworksBuildPhase section */

/* Begin PBXGroup section */
		A0EAFD7A258335FD0047F695 = {
			isa = PBXGroup;
			children = (
				A0EAFD85258335FD0047F695 /* HelloApp */,
				A0EAFD9C258335FE0047F695 /* HelloAppTests */,
				A0EAFDA7258335FE0047F695 /* HelloAppUITests */,
				A0EAFD84258335FD0047F695 /* Products */,
			);
			sourceTree = "<group>";
		};
		A0EAFD84258335FD0047F695 /* Products */ = {
			isa = PBXGroup;
			children = (
				A0EAFD83258335FD0047F695 /* HelloApp.app */,
				A0EAFD99258335FE0047F695 /* HelloAppTests.xctest */,
				A0EAFDA4258335FE0047F695 /* HelloAppUITests.xctest */,
			);
			name = Products;
			sourceTree = "<group>";
		};
		A0EAFD85258335FD0047F695 /* HelloApp */ = {
			isa = PBXGroup;
			children = (
				A0EAFD86258335FD0047F695 /* AppDelegate.swift */,
				A0EAFD88258335FD0047F695 /* SceneDelegate.swift */,
				A0EAFD8A258335FD0047F695 /* ViewController.swift */,
				A0EAFD8C258335FD0047F695 /* Main.storyboard */,
				A0EAFD8F258335FE0047F695 /* Assets.xcassets */,
				A0EAFD91258335FE0047F695 /* LaunchScreen.storyboard */,
				A0EAFD94258335FE0047F695 /* Info.plist */,
			);
			path = HelloApp;
			sourceTree = "<group>";
		};
		A0EAFD9C258335FE0047F695 /* HelloAppTests */ = {
			isa = PBXGroup;
			children = (
				A0EAFD9D258335FE0047F695 /* HelloAppTests.swift */,
				A0EAFD9F258335FE0047F695 /* Info.plist */,
			);
			path = HelloAppTests;
			sourceTree = "<group>";
		};
		A0EAFDA7258335FE0047F695 /* HelloAppUITests */ = {
			isa = PBXGroup;
			children = (
				A0EAFDA8258335FE0047F695 /* HelloAppUITests.swift */,
				A0EAFDAA258335FE0047F695 /* Info.plist */,
			);
			path = HelloAppUITests;
			sourceTree = "<group>";
		};
/* End PBXGroup section */

/* Begin PBXNativeTarget section */
		A0EAFD82258335FD0047F695 /* HelloApp */ = {
			isa = PBXNativeTarget;
			buildConfigurationList = A0EAFDAD258335FE0047F695 /* Build configuration list for PBXNativeTarget "HelloApp" */;
			buildPhases = (
				A0EAFD7F258335FD0047F695 /* Sources */,
				A0EAFD80258335FD0047F695 /* Frameworks */,
				A0EAFD81258335FD0047F695 /* Resources */,
			);
			buildRules = (
			);
			dependencies = (
			);
			name = HelloApp;
			productName = HelloApp;
			productReference = A0EAFD83258335FD0047F695 /* HelloApp.app */;
			productType = "com.apple.product-type.application";
		};
		A0EAFD98258335FE0047F695 /* HelloAppTests */ = {
			isa = PBXNativeTarget;
			buildConfigurationList = A0EAFDB0258335FE0047F695 /* Build configuration list for PBXNativeTarget "HelloAppTests" */;
			buildPhases = (
				A0EAFD95258335FE0047F695 /* Sources */,
				A0EAFD96258335FE0047F695 /* Frameworks */,
				A0EAFD97258335FE0047F695 /* Resources */,
			);
			buildRules = (
			);
			dependencies = (
				A0EAFD9B258335FE0047F695 /* PBXTargetDependency */,
			);
			name = HelloAppTests;
			productName = HelloAppTests;
			productReference = A0EAFD99258335FE0047F695 /* HelloAppTests.xctest */;
			productType = "com.apple.product-type.bundle.unit-test";
		};
		A0EAFDA3258335FE0047F695 /* HelloAppUITests */ = {
			isa = PBXNativeTarget;
			buildConfigurationList = A0EAFDB3258335FE0047F695 /* Build configuration list for PBXNativeTarget "HelloAppUITests" */;
			buildPhases = (
				A0EAFDA0258335FE0047F695 /* Sources */,
				A0EAFDA1258335FE0047F695 /* Frameworks */,
				A0EAFDA2258335FE0047F695 /* Resources */,
			);
			buildRules = (
			);
			dependencies = (
				A0EAFDA6258335FE0047F695 /* PBXTargetDependency */,
			);
			name = HelloAppUITests;
			productName = HelloAppUITests;
			productReference = A0EAFDA4258335FE0047F695 /* HelloAppUITests.xctest */;
			productType = "com.apple.product-type.bundle.ui-testing";
		};
/* End PBXNativeTarget section */

/* Begin PBXProject section */
		A0EAFD7B258335FD0047F695 /* Project object */ = {
			isa = PBXProject;
			attributes = {
				LastSwiftUpdateCheck = 1220;
				LastUpgradeCheck = 1220;
				TargetAttributes = {
					A0EAFD82258335FD0047F695 = {
						CreatedOnToolsVersion = 12.2;
					};
					A0EAFD98258335FE0047F695 = {
						CreatedOnToolsVersion = 12.2;
						TestTargetID = A0EAFD82258335FD0047F695;
					};
					A0EAFDA3258335FE0047F695 = {
						CreatedOnToolsVersion = 12.2;
						TestTargetID = A0EAFD82258335FD0047F695;
					};
				};
			};
			buildConfigurationList = A0EAFD7E258335FD0047F695 /* Build configuration list for PBXProject "HelloApp" */;
			compatibilityVersion = "Xcode 9.3";
			developmentRegion = en;
			hasScannedForEncodings = 0;
			knownRegions = (
				en,
				Base,
			);
			mainGroup = A0EAFD7A258335FD0047F695;
			productRefGroup = A0EAFD84258335FD0047F695 /* Products */;
			projectDirPath = "";
			projectRoot = "";
			targets = (
				A0EAFD82258335FD0047F695 /* HelloApp */,
				A0EAFD98258335FE0047F695 /* HelloAppTests */,
				A0EAFDA3258335FE0047F695 /* HelloAppUITests */,
			);
		};
/* End PBXProject section */

/* Begin PBXResourcesBuildPhase section */
		A0EAFD81258335FD0047F695 /* Resources */ = {
			isa = PBXResourcesBuildPhase;
			buildActionMask = 2147483647;
			files = (
				A0EAFD93258335FE0047F695 /* LaunchScreen.storyboard in Resources */,
				A0EAFD90258335FE0047F695 /* Assets.xcassets in Resources */,
				A0EAFD8E258335FD0047F695 /* Main.storyboard in Resources */,
			);
			runOnlyForDeploymentPostprocessing = 0;
		};
		A0EAFD97258335FE0047F695 /* Resources */ = {
			isa = PBXResourcesBuildPhase;
			buildActionMask = 2147483647;
			files = (
			);
			runOnlyForDeploymentPostprocessing = 0;
		};
		A0EAFDA2258335FE0047F695 /* Resources */ = {
			isa = PBXResourcesBuildPhase;
			buildActionMask = 2147483647;
			files = (
			);
			runOnlyForDeploymentPostprocessing = 0;
		};
/* End PBXResourcesBuildPhase section */

/* Begin PBXSourcesBuildPhase section */
		A0EAFD7F258335FD0047F695 /* Sources */ = {
			isa = PBXSourcesBuildPhase;
			buildActionMask = 2147483647;
			files = (
				A0EAFD8B258335FD0047F695 /* ViewController.swift in Sources */,
				A0EAFD87258335FD0047F695 /* AppDelegate.swift in Sources */,
				A0EAFD89258335FD0047F695 /* SceneDelegate.swift in Sources */,
			);
			runOnlyForDeploymentPostprocessing = 0;
		};
		A0EAFD95258335FE0047F695 /* Sources */ = {
			isa = PBXSourcesBuildPhase;
			buildActionMask = 2147483647;
			files = (
				A0EAFD9E258335FE0047F695 /* HelloAppTests.swift in Sources */,
			);
			runOnlyForDeploymentPostprocessing = 0;
		};
		A0EAFDA0258335FE0047F695 /* Sources */ = {
			isa = PBXSourcesBuildPhase;
			buildActionMask = 2147483647;
			files = (
				A0EAFDA9258335FE0047F695 /* HelloAppUITests.swift in Sources */,
			);
			runOnlyForDeploymentPostprocessing = 0;
		};
/* End PBXSourcesBuildPhase section */

/* Begin PBXTargetDependency section */
		A0EAFD9B258335FE0047F695 /* PBXTargetDependency */ = {
			isa = PBXTargetDependency;
			target = A0EAFD82258335FD0047F695 /* HelloApp */;
			targetProxy = A0EAFD9A258335FE0047F695 /* PBXContainerItemProxy */;
		};
		A0EAFDA6258335FE0047F695 /* PBXTargetDependency */ = {
			isa = PBXTargetDependency;
			target = A0EAFD82258335FD0047F695 /* HelloApp */;
			targetProxy = A0EAFDA5258335FE0047F695 /* PBXContainerItemProxy */;
		};
/* End PBXTargetDependency section */

/* Begin PBXVariantGroup section */
		A0EAFD8C258335FD0047F695 /* Main.storyboard */ = {
			isa = PBXVariantGroup;
			children = (
				A0EAFD8D258335FD0047F695 /* Base */,
			);
			name = Main.storyboard;
			sourceTree = "<group>";
		};
		A0EAFD91258335FE0047F695 /* LaunchScreen.storyboard */ = {
			isa = PBXVariantGroup;
			children = (
				A0EAFD92258335FE0047F695 /* Base */,
			);
			name = LaunchScreen.storyboard;
			sourceTree = "<group>";
		};
/* End PBXVariantGroup section */

/* Begin XCBuildConfiguration section */
		A0EAFDAB258335FE0047F695 /* Debug */ = {
			isa = XCBuildConfiguration;
			buildSettings = {
				ALWAYS_SEARCH_USER_PATHS = NO;
				CLANG_ANALYZER_NONNULL = YES;
				CLANG_ANALYZER_NUMBER_OBJECT_CONVERSION = YES_AGGRESSIVE;
				CLANG_CXX_LANGUAGE_STANDARD = "gnu++14";
				CLANG_CXX_LIBRARY = "libc++";
				CLANG_ENABLE_MODULES = YES;
				CLANG_ENABLE_OBJC_ARC = YES;
				CLANG_ENABLE_OBJC_WEAK = YES;
				CLANG_WARN_BLOCK_CAPTURE_AUTORELEASING = YES;
				CLANG_WARN_BOOL_CONVERSION = YES;
				CLANG_WARN_COMMA = YES;
				CLANG_WARN_CONSTANT_CONVERSION = YES;
				CLANG_WARN_DEPRECATED_OBJC_IMPLEMENTATIONS = YES;
				CLANG_WARN_DIRECT_OBJC_ISA_USAGE = YES_ERROR;
				CLANG_WARN_DOCUMENTATION_COMMENTS = YES;
				CLANG_WARN_EMPTY_BODY = YES;
				CLANG_WARN_ENUM_CONVERSION = YES;
				CLANG_WARN_INFINITE_RECURSION = YES;
				CLANG_WARN_INT_CONVERSION = YES;
				CLANG_WARN_NON_LITERAL_NULL_CONVERSION = YES;
				CLANG_WARN_OBJC_IMPLICIT_RETAIN_SELF = YES;
				CLANG_WARN_OBJC_LITERAL_CONVERSION = YES;
				CLANG_WARN_OBJC_ROOT_CLASS = YES_ERROR;
				CLANG_WARN_QUOTED_INCLUDE_IN_FRAMEWORK_HEADER = YES;
				CLANG_WARN_RANGE_LOOP_ANALYSIS = YES;
				CLANG_WARN_STRICT_PROTOTYPES = YES;
				CLANG_WARN_SUSPICIOUS_MOVE = YES;
				CLANG_WARN_UNGUARDED_AVAILABILITY = YES_AGGRESSIVE;
				CLANG_WARN_UNREACHABLE_CODE = YES;
				CLANG_WARN__DUPLICATE_METHOD_MATCH = YES;
				COPY_PHASE_STRIP = NO;
				DEBUG_INFORMATION_FORMAT = dwarf;
				ENABLE_STRICT_OBJC_MSGSEND = YES;
				ENABLE_TESTABILITY = YES;
				GCC_C_LANGUAGE_STANDARD = gnu11;
				GCC_DYNAMIC_NO_PIC = NO;
				GCC_NO_COMMON_BLOCKS = YES;
				GCC_OPTIMIZATION_LEVEL = 0;
				GCC_PREPROCESSOR_DEFINITIONS = (
					"DEBUG=1",
					"$(inherited)",
				);
				GCC_WARN_64_TO_32_BIT_CONVERSION = YES;
				GCC_WARN_ABOUT_RETURN_TYPE = YES_ERROR;
				GCC_WARN_UNDECLARED_SELECTOR = YES;
				GCC_WARN_UNINITIALIZED_AUTOS = YES_AGGRESSIVE;
				GCC_WARN_UNUSED_FUNCTION = YES;
				GCC_WARN_UNUSED_VARIABLE = YES;
				IPHONEOS_DEPLOYMENT_TARGET = 14.2;
				MTL_ENABLE_DEBUG_INFO = INCLUDE_SOURCE;
				MTL_FAST_MATH = YES;
				ONLY_ACTIVE_ARCH = YES;
				SDKROOT = iphoneos;
				SWIFT_ACTIVE_COMPILATION_CONDITIONS = DEBUG;
				SWIFT_OPTIMIZATION_LEVEL = "-Onone";
			};
			name = Debug;
		};
		A0EAFDAC258335FE0047F695 /* Release */ = {
			isa = XCBuildConfiguration;
			buildSettings = {
				ALWAYS_SEARCH_USER_PATHS = NO;
				CLANG_ANALYZER_NONNULL = YES;
				CLANG_ANALYZER_NUMBER_OBJECT_CONVERSION = YES_AGGRESSIVE;
				CLANG_CXX_LANGUAGE_STANDARD = "gnu++14";
				CLANG_CXX_LIBRARY = "libc++";
				CLANG_ENABLE_MODULES = YES;
				CLANG_ENABLE_OBJC_ARC = YES;
				CLANG_ENABLE_OBJC_WEAK = YES;
				CLANG_WARN_BLOCK_CAPTURE_AUTORELEASING = YES;
				CLANG_WARN_BOOL_CONVERSION = YES;
				CLANG_WARN_COMMA = YES;
				CLANG_WARN_CONSTANT_CONVERSION = YES;
				CLANG_WARN_DEPRECATED_OBJC_IMPLEMENTATIONS = YES;
				CLANG_WARN_DIRECT_OBJC_ISA_USAGE = YES_ERROR;
				CLANG_WARN_DOCUMENTATION_COMMENTS = YES;
				CLANG_WARN_EMPTY_BODY = YES;
				CLANG_WARN_ENUM_CONVERSION = YES;
				CLANG_WARN_INFINITE_RECURSION = YES;
				CLANG_WARN_INT_CONVERSION = YES;
				CLANG_WARN_NON_LITERAL_NULL_CONVERSION = YES;
				CLANG_WARN_OBJC_IMPLICIT_RETAIN_SELF = YES;
				CLANG_WARN_OBJC_LITERAL_CONVERSION = YES;
				CLANG_WARN_OBJC_ROOT_CLASS = YES_ERROR;
				CLANG_WARN_QUOTED_INCLUDE_IN_FRAMEWORK_HEADER = YES;
				CLANG_WARN_RANGE_LOOP_ANALYSIS = YES;
				CLANG_WARN_STRICT_PROTOTYPES = YES;
				CLANG_WARN_SUSPICIOUS_MOVE = YES;
				CLANG_WARN_UNGUARDED_AVAILABILITY = YES_AGGRESSIVE;
				CLANG_WARN_UNREACHABLE_CODE = YES;
				CLANG_WARN__DUPLICATE_METHOD_MATCH = YES;
				COPY_PHASE_STRIP = NO;
				DEBUG_INFORMATION_FORMAT = "dwarf-with-dsym";
				ENABLE_NS_ASSERTIONS = NO;
				ENABLE_STRICT_OBJC_MSGSEND = YES;
				GCC_C_LANGUAGE_STANDARD = gnu11;
				GCC_NO_COMMON_BLOCKS = YES;
				GCC_WARN_64_TO_32_BIT_CONVERSION = YES;
				GCC_WARN_ABOUT_RETURN_TYPE = YES_ERROR;
				GCC_WARN_UNDECLARED_SELECTOR = YES;
				GCC_WARN_UNINITIALIZED_AUTOS = YES_AGGRESSIVE;
				GCC_WARN_UNUSED_FUNCTION = YES;
				GCC_WARN_UNUSED_VARIABLE = YES;
				IPHONEOS_DEPLOYMENT_TARGET = 14.2;
				MTL_ENABLE_DEBUG_INFO = NO;
				MTL_FAST_MATH = YES;
				SDKROOT = iphoneos;
				SWIFT_COMPILATION_MODE = wholemodule;
				SWIFT_OPTIMIZATION_LEVEL = "-O";
				VALIDATE_PRODUCT = YES;
			};
			name = Release;
		};
		A0EAFDAE258335FE0047F695 /* Debug */ = {
			isa = XCBuildConfiguration;
			buildSettings = {
				ASSETCATALOG_COMPILER_APPICON_NAME = AppIcon;
				ASSETCATALOG_COMPILER_GLOBAL_ACCENT_COLOR_NAME = AccentColor;
				CODE_SIGN_STYLE = Automatic;
				INFOPLIST_FILE = HelloApp/Info.plist;
				LD_RUNPATH_SEARCH_PATHS = (
					"$(inherited)",
					"@executable_path/Frameworks",
				);
				PRODUCT_BUNDLE_IDENTIFIER = com.LuisGarcia.HelloApp;
				PRODUCT_NAME = "$(TARGET_NAME)";
				SWIFT_VERSION = 5.0;
				TARGETED_DEVICE_FAMILY = "1,2";
			};
			name = Debug;
		};
		A0EAFDAF258335FE0047F695 /* Release */ = {
			isa = XCBuildConfiguration;
			buildSettings = {
				ASSETCATALOG_COMPILER_APPICON_NAME = AppIcon;
				ASSETCATALOG_COMPILER_GLOBAL_ACCENT_COLOR_NAME = AccentColor;
				CODE_SIGN_STYLE = Automatic;
				INFOPLIST_FILE = HelloApp/Info.plist;
				LD_RUNPATH_SEARCH_PATHS = (
					"$(inherited)",
					"@executable_path/Frameworks",
				);
				PRODUCT_BUNDLE_IDENTIFIER = com.LuisGarcia.HelloApp;
				PRODUCT_NAME = "$(TARGET_NAME)";
				SWIFT_VERSION = 5.0;
				TARGETED_DEVICE_FAMILY = "1,2";
			};
			name = Release;
		};
		A0EAFDB1258335FE0047F695 /* Debug */ = {
			isa = XCBuildConfiguration;
			buildSettings = {
				ALWAYS_EMBED_SWIFT_STANDARD_LIBRARIES = YES;
				BUNDLE_LOADER = "$(TEST_HOST)";
				CODE_SIGN_STYLE = Automatic;
				INFOPLIST_FILE = HelloAppTests/Info.plist;
				IPHONEOS_DEPLOYMENT_TARGET = 14.2;
				LD_RUNPATH_SEARCH_PATHS = (
					"$(inherited)",
					"@executable_path/Frameworks",
					"@loader_path/Frameworks",
				);
				PRODUCT_BUNDLE_IDENTIFIER = com.LuisGarcia.HelloAppTests;
				PRODUCT_NAME = "$(TARGET_NAME)";
				SWIFT_VERSION = 5.0;
				TARGETED_DEVICE_FAMILY = "1,2";
				TEST_HOST = "$(BUILT_PRODUCTS_DIR)/HelloApp.app/HelloApp";
			};
			name = Debug;
		};
		A0EAFDB2258335FE0047F695 /* Release */ = {
			isa = XCBuildConfiguration;
			buildSettings = {
				ALWAYS_EMBED_SWIFT_STANDARD_LIBRARIES = YES;
				BUNDLE_LOADER = "$(TEST_HOST)";
				CODE_SIGN_STYLE = Automatic;
				INFOPLIST_FILE = HelloAppTests/Info.plist;
				IPHONEOS_DEPLOYMENT_TARGET = 14.2;
				LD_RUNPATH_SEARCH_PATHS = (
					"$(inherited)",
					"@executable_path/Frameworks",
					"@loader_path/Frameworks",
				);
				PRODUCT_BUNDLE_IDENTIFIER = com.LuisGarcia.HelloAppTests;
				PRODUCT_NAME = "$(TARGET_NAME)";
				SWIFT_VERSION = 5.0;
				TARGETED_DEVICE_FAMILY = "1,2";
				TEST_HOST = "$(BUILT_PRODUCTS_DIR)/HelloApp.app/HelloApp";
			};
			name = Release;
		};
		A0EAFDB4258335FE0047F695 /* Debug */ = {
			isa = XCBuildConfiguration;
			buildSettings = {
				ALWAYS_EMBED_SWIFT_STANDARD_LIBRARIES = YES;
				CODE_SIGN_STYLE = Automatic;
				INFOPLIST_FILE = HelloAppUITests/Info.plist;
				LD_RUNPATH_SEARCH_PATHS = (
					"$(inherited)",
					"@executable_path/Frameworks",
					"@loader_path/Frameworks",
				);
				PRODUCT_BUNDLE_IDENTIFIER = com.LuisGarcia.HelloAppUITests;
				PRODUCT_NAME = "$(TARGET_NAME)";
				SWIFT_VERSION = 5.0;
				TARGETED_DEVICE_FAMILY = "1,2";
				TEST_TARGET_NAME = HelloApp;
			};
			name = Debug;
		};
		A0EAFDB5258335FE0047F695 /* Release */ = {
			isa = XCBuildConfiguration;
			buildSettings = {
				ALWAYS_EMBED_SWIFT_STANDARD_LIBRARIES = YES;
				CODE_SIGN_STYLE = Automatic;
				INFOPLIST_FILE = HelloAppUITests/Info.plist;
				LD_RUNPATH_SEARCH_PATHS = (
					"$(inherited)",
					"@executable_path/Frameworks",
					"@loader_path/Frameworks",
				);
				PRODUCT_BUNDLE_IDENTIFIER = com.LuisGarcia.HelloAppUITests;
				PRODUCT_NAME = "$(TARGET_NAME)";
				SWIFT_VERSION = 5.0;
				TARGETED_DEVICE_FAMILY = "1,2";
				TEST_TARGET_NAME = HelloApp;
			};
			name = Release;
		};
/* End XCBuildConfiguration section */

/* Begin XCConfigurationList section */
		A0EAFD7E258335FD0047F695 /* Build configuration list for PBXProject "HelloApp" */ = {
			isa = XCConfigurationList;
			buildConfigurations = (
				A0EAFDAB258335FE0047F695 /* Debug */,
				A0EAFDAC258335FE0047F695 /* Release */,
			);
			defaultConfigurationIsVisible = 0;
			defaultConfigurationName = Release;
		};
		A0EAFDAD258335FE0047F695 /* Build configuration list for PBXNativeTarget "HelloApp" */ = {
			isa = XCConfigurationList;
			buildConfigurations = (
				A0EAFDAE258335FE0047F695 /* Debug */,
				A0EAFDAF258335FE0047F695 /* Release */,
			);
			defaultConfigurationIsVisible = 0;
			defaultConfigurationName = Release;
		};
		A0EAFDB0258335FE0047F695 /* Build configuration list for PBXNativeTarget "HelloAppTests" */ = {
			isa = XCConfigurationList;
			buildConfigurations = (
				A0EAFDB1258335FE0047F695 /* Debug */,
				A0EAFDB2258335FE0047F695 /* Release */,
			);
			defaultConfigurationIsVisible = 0;
			defaultConfigurationName = Release;
		};
		A0EAFDB3258335FE0047F695 /* Build configuration list for PBXNativeTarget "HelloAppUITests" */ = {
			isa = XCConfigurationList;
			buildConfigurations = (
				A0EAFDB4258335FE0047F695 /* Debug */,
				A0EAFDB5258335FE0047F695 /* Release */,
			);
			defaultConfigurationIsVisible = 0;
			defaultConfigurationName = Release;
		};
/* End XCConfigurationList section */
	};
	rootObject = A0EAFD7B258335FD0047F695 /* Project object */;
}
